
Microsoft Visual Studio Solution File, Format Version 12.00
# Visual Studio 15
VisualStudioVersion = 15.0.27130.2003
MinimumVisualStudioVersion = 10.0.40219.1
Project("{FAE04EC0-301F-11D3-BF4B-00C04F79EFBC}") = "kpiMvcApi", "kpiMvcApi\kpiMvcApi.csproj", "{D6C16327-0B05-4B96-9B96-2F88DB8BEC24}"
EndProject
Project("{00D1A9C2-B5F0-4AF3-8072-F6C62B433612}") = "kpiDb", "kpiDb\kpiDb.sqlproj", "{ACF58D36-108C-475D-B376-FF2CFBFD30CD}"
EndProject
Global
	GlobalSection(SolutionConfigurationPlatforms) = preSolution
		Debug|Any CPU = Debug|Any CPU
		Release|Any CPU = Release|Any CPU
	EndGlobalSection
	GlobalSection(ProjectConfigurationPlatforms) = postSolution
		{D6C16327-0B05-4B96-9B96-2F88DB8BEC24}.Debug|Any CPU.ActiveCfg = Debug|Any CPU
		{D6C16327-0B05-4B96-9B96-2F88DB8BEC24}.Debug|Any CPU.Build.0 = Debug|Any CPU
		{D6C16327-0B05-4B96-9B96-2F88DB8BEC24}.Release|Any CPU.ActiveCfg = Release|Any CPU
		{D6C16327-0B05-4B96-9B96-2F88DB8BEC24}.Release|Any CPU.Build.0 = Release|Any CPU
		{ACF58D36-108C-475D-B376-FF2CFBFD30CD}.Debug|Any CPU.ActiveCfg = Debug|Any CPU
		{ACF58D36-108C-475D-B376-FF2CFBFD30CD}.Debug|Any CPU.Build.0 = Debug|Any CPU
		{ACF58D36-108C-475D-B376-FF2CFBFD30CD}.Debug|Any CPU.Deploy.0 = Debug|Any CPU
		{ACF58D36-108C-475D-B376-FF2CFBFD30CD}.Release|Any CPU.ActiveCfg = Release|Any CPU
		{ACF58D36-108C-475D-B376-FF2CFBFD30CD}.Release|Any CPU.Build.0 = Release|Any CPU
		{ACF58D36-108C-475D-B376-FF2CFBFD30CD}.Release|Any CPU.Deploy.0 = Release|Any CPU
	EndGlobalSection
	GlobalSection(SolutionProperties) = preSolution
		HideSolutionNode = FALSE
	EndGlobalSection
	GlobalSection(ExtensibilityGlobals) = postSolution
		SolutionGuid = {155A6055-4C83-4D3F-9420-876C0C89103C}
	EndGlobalSection
EndGlobal
